
Microsoft Visual Studio Solution File, Format Version 12.00
# Visual Studio 2013
VisualStudioVersion = 12.0.31101.0
MinimumVisualStudioVersion = 10.0.40219.1
Project("{2150E333-8FDC-42A3-9474-1A3956D46DE8}") = "Toast Notification", "Toast Notification", "{490F968F-DC75-4E8E-9ACE-1C84D6B57911}"
EndProject
Project("{D954291E-2A0B-460D-934E-DC6B0785DB48}") = "Toast Notification.Shared", "Toast Notification\Toast Notification.Shared\Toast Notification.Shared.shproj", "{9DA72E5C-0C05-40E4-A119-133424461DB0}"
EndProject
Project("{FAE04EC0-301F-11D3-BF4B-00C04F79EFBC}") = "Toast Notification.Windows", "Toast Notification\Toast Notification.Windows\Toast Notification.Windows.csproj", "{4F3B0679-5D76-4845-BF94-7425D2EC2367}"
EndProject
Project("{FAE04EC0-301F-11D3-BF4B-00C04F79EFBC}") = "Toast Notification.WindowsPhone", "Toast Notification\Toast Notification.WindowsPhone\Toast Notification.WindowsPhone.csproj", "{0EDB7005-DD28-41CF-84A1-9C92C07F2508}"
EndProject
Global
	GlobalSection(SharedMSBuildProjectFiles) = preSolution
		Toast Notification\Toast Notification.Shared\Toast Notification.Shared.projitems*{9da72e5c-0c05-40e4-a119-133424461db0}*SharedItemsImports = 13
		Toast Notification\Toast Notification.Shared\Toast Notification.Shared.projitems*{0edb7005-dd28-41cf-84a1-9c92c07f2508}*SharedItemsImports = 4
		Toast Notification\Toast Notification.Shared\Toast Notification.Shared.projitems*{4f3b0679-5d76-4845-bf94-7425d2ec2367}*SharedItemsImports = 4
	EndGlobalSection
	GlobalSection(SolutionConfigurationPlatforms) = preSolution
		Debug|Any CPU = Debug|Any CPU
		Debug|ARM = Debug|ARM
		Debug|x64 = Debug|x64
		Debug|x86 = Debug|x86
		Release|Any CPU = Release|Any CPU
		Release|ARM = Release|ARM
		Release|x64 = Release|x64
		Release|x86 = Release|x86
	EndGlobalSection
	GlobalSection(ProjectConfigurationPlatforms) = postSolution
		{4F3B0679-5D76-4845-BF94-7425D2EC2367}.Debug|Any CPU.ActiveCfg = Debug|Any CPU
		{4F3B0679-5D76-4845-BF94-7425D2EC2367}.Debug|Any CPU.Build.0 = Debug|Any CPU
		{4F3B0679-5D76-4845-BF94-7425D2EC2367}.Debug|Any CPU.Deploy.0 = Debug|Any CPU
		{4F3B0679-5D76-4845-BF94-7425D2EC2367}.Debug|ARM.ActiveCfg = Debug|ARM
		{4F3B0679-5D76-4845-BF94-7425D2EC2367}.Debug|ARM.Build.0 = Debug|ARM
		{4F3B0679-5D76-4845-BF94-7425D2EC2367}.Debug|ARM.Deploy.0 = Debug|ARM
		{4F3B0679-5D76-4845-BF94-7425D2EC2367}.Debug|x64.ActiveCfg = Debug|x64
		{4F3B0679-5D76-4845-BF94-7425D2EC2367}.Debug|x64.Build.0 = Debug|x64
		{4F3B0679-5D76-4845-BF94-7425D2EC2367}.Debug|x64.Deploy.0 = Debug|x64
		{4F3B0679-5D76-4845-BF94-7425D2EC2367}.Debug|x86.ActiveCfg = Debug|x86
		{4F3B0679-5D76-4845-BF94-7425D2EC2367}.Debug|x86.Build.0 = Debug|x86
		{4F3B0679-5D76-4845-BF94-7425D2EC2367}.Debug|x86.Deploy.0 = Debug|x86
		{4F3B0679-5D76-4845-BF94-7425D2EC2367}.Release|Any CPU.ActiveCfg = Release|Any CPU
		{4F3B0679-5D76-4845-BF94-7425D2EC2367}.Release|Any CPU.Build.0 = Release|Any CPU
		{4F3B0679-5D76-4845-BF94-7425D2EC2367}.Release|Any CPU.Deploy.0 = Release|Any CPU
		{4F3B0679-5D76-4845-BF94-7425D2EC2367}.Release|ARM.ActiveCfg = Release|ARM
		{4F3B0679-5D76-4845-BF94-7425D2EC2367}.Release|ARM.Build.0 = Release|ARM
		{4F3B0679-5D76-4845-BF94-7425D2EC2367}.Release|ARM.Deploy.0 = Release|ARM
		{4F3B0679-5D76-4845-BF94-7425D2EC2367}.Release|x64.ActiveCfg = Release|x64
		{4F3B0679-5D76-4845-BF94-7425D2EC2367}.Release|x64.Build.0 = Release|x64
		{4F3B0679-5D76-4845-BF94-7425D2EC2367}.Release|x64.Deploy.0 = Release|x64
		{4F3B0679-5D76-4845-BF94-7425D2EC2367}.Release|x86.ActiveCfg = Release|x86
		{4F3B0679-5D76-4845-BF94-7425D2EC2367}.Release|x86.Build.0 = Release|x86
		{4F3B0679-5D76-4845-BF94-7425D2EC2367}.Release|x86.Deploy.0 = Release|x86
		{0EDB7005-DD28-41CF-84A1-9C92C07F2508}.Debug|Any CPU.ActiveCfg = Debug|Any CPU
		{0EDB7005-DD28-41CF-84A1-9C92C07F2508}.Debug|Any CPU.Build.0 = Debug|Any CPU
		{0EDB7005-DD28-41CF-84A1-9C92C07F2508}.Debug|Any CPU.Deploy.0 = Debug|Any CPU
		{0EDB7005-DD28-41CF-84A1-9C92C07F2508}.Debug|ARM.ActiveCfg = Debug|ARM
		{0EDB7005-DD28-41CF-84A1-9C92C07F2508}.Debug|ARM.Build.0 = Debug|ARM
		{0EDB7005-DD28-41CF-84A1-9C92C07F2508}.Debug|ARM.Deploy.0 = Debug|ARM
		{0EDB7005-DD28-41CF-84A1-9C92C07F2508}.Debug|x64.ActiveCfg = Debug|Any CPU
		{0EDB7005-DD28-41CF-84A1-9C92C07F2508}.Debug|x86.ActiveCfg = Debug|x86
		{0EDB7005-DD28-41CF-84A1-9C92C07F2508}.Debug|x86.Build.0 = Debug|x86
		{0EDB7005-DD28-41CF-84A1-9C92C07F2508}.Debug|x86.Deploy.0 = Debug|x86
		{0EDB7005-DD28-41CF-84A1-9C92C07F2508}.Release|Any CPU.ActiveCfg = Release|Any CPU
		{0EDB7005-DD28-41CF-84A1-9C92C07F2508}.Release|Any CPU.Build.0 = Release|Any CPU
		{0EDB7005-DD28-41CF-84A1-9C92C07F2508}.Release|Any CPU.Deploy.0 = Release|Any CPU
		{0EDB7005-DD28-41CF-84A1-9C92C07F2508}.Release|ARM.ActiveCfg = Release|ARM
		{0EDB7005-DD28-41CF-84A1-9C92C07F2508}.Release|ARM.Build.0 = Release|ARM
		{0EDB7005-DD28-41CF-84A1-9C92C07F2508}.Release|ARM.Deploy.0 = Release|ARM
		{0EDB7005-DD28-41CF-84A1-9C92C07F2508}.Release|x64.ActiveCfg = Release|Any CPU
		{0EDB7005-DD28-41CF-84A1-9C92C07F2508}.Release|x86.ActiveCfg = Release|x86
		{0EDB7005-DD28-41CF-84A1-9C92C07F2508}.Release|x86.Build.0 = Release|x86
		{0EDB7005-DD28-41CF-84A1-9C92C07F2508}.Release|x86.Deploy.0 = Release|x86
	EndGlobalSection
	GlobalSection(SolutionProperties) = preSolution
		HideSolutionNode = FALSE
	EndGlobalSection
	GlobalSection(NestedProjects) = preSolution
		{9DA72E5C-0C05-40E4-A119-133424461DB0} = {490F968F-DC75-4E8E-9ACE-1C84D6B57911}
		{4F3B0679-5D76-4845-BF94-7425D2EC2367} = {490F968F-DC75-4E8E-9ACE-1C84D6B57911}
		{0EDB7005-DD28-41CF-84A1-9C92C07F2508} = {490F968F-DC75-4E8E-9ACE-1C84D6B57911}
	EndGlobalSection
EndGlobal
